{
  "lib/forge-std": {
    "rev": "3f999523613ab5454a5c4ae4abeaa8ea2ba7bcae"
  },
  "lib/solady": {
    "rev": "513f581675374706dbe947284d6b12d19ce35a2a"
  },
  "lib/universal-router": {
    "rev": "3fc2b48b66a43d7da649809b301dfb271779b0b5"
  },
  "lib/v3-core": {
    "rev": "e3589b192d0be27e100cd0daaf6c97204fdb1899"
  },
  "lib/v3-periphery": {
    "rev": "80f26c86c57b8a5e4b913f42844d4c8bd274d058"
  },
  "lib/v4-core": {
    "rev": "80311e34080fee64b6fc6c916e9a51a437d0e482"
  },
  "lib/v4-periphery": {
    "rev": "9628c36b4f5083d19606e63224e4041fe748edae"
  },
  "lib/view-quoter-v4": {
    "rev": "f05058eb219687b01000476857c63c8bd129e308"
  }
}